{
  "name": "png_parser",
  "version": "0.1.70",
  "lockfileVersion": 3,
  "requires": true,
  "packages": {
    "": {
      "name": "png_parser",
      "version": "0.1.70",
      "license": "MIT",
      "dependencies": {
        "png_parser": "^0.1.70"
      }
    },
    "node_modules/png_parser": {
      "version": "0.1.70",
      "resolved": "https://registry.npmjs.org/png_parser/-/png_parser-0.1.70.tgz",
      "integrity": "sha512-KsDNFf3nXXRGnJHw+ji4HRwtqPQyV0c7GNbDyqUkyuPrDdFi7UhlUqoqPR+IfEdYK28Tbb6D6jTSbjyIxM8f5g==",
      "license": "MIT"
    }
  }
}
